PODS:
  - NegoLoggerDemo (1.0.0)

DEPENDENCIES:
  - NegoLoggerDemo (from `https://github.com/el3sawy/NegoLoggerDemo.git`, branch `main`)

EXTERNAL SOURCES:
  NegoLoggerDemo:
    :branch: main
    :git: https://github.com/el3sawy/NegoLoggerDemo.git

CHECKOUT OPTIONS:
  NegoLoggerDemo:
    :commit: aa75871f3cb649ab968ab02ec4f138ab6418274c
    :git: https://github.com/el3sawy/NegoLoggerDemo.git

SPEC CHECKSUMS:
  NegoLoggerDemo: d023ec90c703dd7ebd9d95996de300cd96b7494f

PODFILE CHECKSUM: 87f6f32b36ae6f03bdc782239024af9ec625ee76

COCOAPODS: 1.12.1
