PODS:
  - NegoLoggerDemo (1.0.0)

DEPENDENCIES:
  - NegoLoggerDemo (from `https://github.com/el3sawy/NegoLoggerDemo.git`, branch `main`)

EXTERNAL SOURCES:
  NegoLoggerDemo:
    :branch: main
    :git: https://github.com/el3sawy/NegoLoggerDemo.git

CHECKOUT OPTIONS:
  NegoLoggerDemo:
    :commit: 2283282eb695e8534479486548422b14c2c9e5ec
    :git: https://github.com/el3sawy/NegoLoggerDemo.git

SPEC CHECKSUMS:
  NegoLoggerDemo: 2ef1c7c021515cdedd007bd29354b14601c9525d

PODFILE CHECKSUM: 87f6f32b36ae6f03bdc782239024af9ec625ee76

COCOAPODS: 1.12.1
