PODS:
  - NegoLoggerDemo (1.0.0)

DEPENDENCIES:
  - NegoLoggerDemo (from `https://github.com/el3sawy/NegoLoggerDemo.git`, branch `main`)

EXTERNAL SOURCES:
  NegoLoggerDemo:
    :branch: main
    :git: https://github.com/el3sawy/NegoLoggerDemo.git

CHECKOUT OPTIONS:
  NegoLoggerDemo:
    :commit: 514b0c30a1301b9eb4aeb70f118899a2cde9106f
    :git: https://github.com/el3sawy/NegoLoggerDemo.git

SPEC CHECKSUMS:
  NegoLoggerDemo: 39a3a8f6b1ecedd94da37beb7ecc1413440c1e2e

PODFILE CHECKSUM: 87f6f32b36ae6f03bdc782239024af9ec625ee76

COCOAPODS: 1.12.1
